
Microsoft Visual Studio Solution File, Format Version 12.00
# Visual Studio Version 17
VisualStudioVersion = 17.11.35222.181
MinimumVisualStudioVersion = 10.0.40219.1
Project("{8BC9CEB8-8B4A-11D0-8D11-00A0C91BC942}") = "Main", "Main\Main.vcxproj", "{C301496F-50BD-45B3-B6F6-14F03ED82F57}"
EndProject
Project("{8BC9CEB8-8B4A-11D0-8D11-00A0C91BC942}") = "Creator", "..\Creator\Creator\Creator.vcxproj", "{EE392D7A-890C-436D-AEFD-8DE351D0E099}"
EndProject
Project("{8BC9CEB8-8B4A-11D0-8D11-00A0C91BC942}") = "Reporter", "..\Reporter\Reporter\Reporter.vcxproj", "{DFA26E25-1260-4D53-B971-2575245AA72C}"
EndProject
Global
	GlobalSection(SolutionConfigurationPlatforms) = preSolution
		Debug|x64 = Debug|x64
		Debug|x86 = Debug|x86
		Release|x64 = Release|x64
		Release|x86 = Release|x86
	EndGlobalSection
	GlobalSection(ProjectConfigurationPlatforms) = postSolution
		{C301496F-50BD-45B3-B6F6-14F03ED82F57}.Debug|x64.ActiveCfg = Debug|x64
		{C301496F-50BD-45B3-B6F6-14F03ED82F57}.Debug|x64.Build.0 = Debug|x64
		{C301496F-50BD-45B3-B6F6-14F03ED82F57}.Debug|x86.ActiveCfg = Debug|Win32
		{C301496F-50BD-45B3-B6F6-14F03ED82F57}.Debug|x86.Build.0 = Debug|Win32
		{C301496F-50BD-45B3-B6F6-14F03ED82F57}.Release|x64.ActiveCfg = Release|x64
		{C301496F-50BD-45B3-B6F6-14F03ED82F57}.Release|x64.Build.0 = Release|x64
		{C301496F-50BD-45B3-B6F6-14F03ED82F57}.Release|x86.ActiveCfg = Release|Win32
		{C301496F-50BD-45B3-B6F6-14F03ED82F57}.Release|x86.Build.0 = Release|Win32
		{EE392D7A-890C-436D-AEFD-8DE351D0E099}.Debug|x64.ActiveCfg = Debug|x64
		{EE392D7A-890C-436D-AEFD-8DE351D0E099}.Debug|x64.Build.0 = Debug|x64
		{EE392D7A-890C-436D-AEFD-8DE351D0E099}.Debug|x86.ActiveCfg = Debug|Win32
		{EE392D7A-890C-436D-AEFD-8DE351D0E099}.Debug|x86.Build.0 = Debug|Win32
		{EE392D7A-890C-436D-AEFD-8DE351D0E099}.Release|x64.ActiveCfg = Release|x64
		{EE392D7A-890C-436D-AEFD-8DE351D0E099}.Release|x64.Build.0 = Release|x64
		{EE392D7A-890C-436D-AEFD-8DE351D0E099}.Release|x86.ActiveCfg = Release|Win32
		{EE392D7A-890C-436D-AEFD-8DE351D0E099}.Release|x86.Build.0 = Release|Win32
		{DFA26E25-1260-4D53-B971-2575245AA72C}.Debug|x64.ActiveCfg = Debug|x64
		{DFA26E25-1260-4D53-B971-2575245AA72C}.Debug|x64.Build.0 = Debug|x64
		{DFA26E25-1260-4D53-B971-2575245AA72C}.Debug|x86.ActiveCfg = Debug|Win32
		{DFA26E25-1260-4D53-B971-2575245AA72C}.Debug|x86.Build.0 = Debug|Win32
		{DFA26E25-1260-4D53-B971-2575245AA72C}.Release|x64.ActiveCfg = Release|x64
		{DFA26E25-1260-4D53-B971-2575245AA72C}.Release|x64.Build.0 = Release|x64
		{DFA26E25-1260-4D53-B971-2575245AA72C}.Release|x86.ActiveCfg = Release|Win32
		{DFA26E25-1260-4D53-B971-2575245AA72C}.Release|x86.Build.0 = Release|Win32
	EndGlobalSection
	GlobalSection(SolutionProperties) = preSolution
		HideSolutionNode = FALSE
	EndGlobalSection
	GlobalSection(ExtensibilityGlobals) = postSolution
		SolutionGuid = {830A26CB-5F15-4F52-81DA-3DD45524971F}
	EndGlobalSection
EndGlobal
